
Microsoft Visual Studio Solution File, Format Version 12.00
# Visual Studio Version 17
VisualStudioVersion = 17.8.34525.116
MinimumVisualStudioVersion = 10.0.40219.1
Project("{888888A0-9F3D-457C-B088-3A5042F75D52}") = "GPTVoiceAssistant2024", "GPTVoiceAssistant2024.pyproj", "{7CAF2902-C857-42C5-BFFA-2C3455CA3BC9}"
EndProject
Global
	GlobalSection(SolutionConfigurationPlatforms) = preSolution
		Debug|Any CPU = Debug|Any CPU
		Release|Any CPU = Release|Any CPU
	EndGlobalSection
	GlobalSection(ProjectConfigurationPlatforms) = postSolution
		{7CAF2902-C857-42C5-BFFA-2C3455CA3BC9}.Debug|Any CPU.ActiveCfg = Debug|Any CPU
		{7CAF2902-C857-42C5-BFFA-2C3455CA3BC9}.Release|Any CPU.ActiveCfg = Release|Any CPU
	EndGlobalSection
	GlobalSection(SolutionProperties) = preSolution
		HideSolutionNode = FALSE
	EndGlobalSection
	GlobalSection(ExtensibilityGlobals) = postSolution
		SolutionGuid = {3ACD59FF-F020-4F32-B705-DA257E4568EA}
	EndGlobalSection
EndGlobal
